
Microsoft Visual Studio Solution File, Format Version 12.00
# Visual Studio Version 17
VisualStudioVersion = 17.8.34525.116
MinimumVisualStudioVersion = 10.0.40219.1
Project("{9A19103F-16F7-4668-BE54-9A1E7A4F7556}") = "PortalClienteV2", "PortalClienteV2.csproj", "{76CCF5EB-378E-4EFF-9121-1EC3A10DF574}"
EndProject
Project("{9A19103F-16F7-4668-BE54-9A1E7A4F7556}") = "IOC", "..\IOC\IOC.csproj", "{4A486260-8034-4B2B-93CF-B7D77DE126F1}"
EndProject
Project("{9A19103F-16F7-4668-BE54-9A1E7A4F7556}") = "DA", "..\DA\DA.csproj", "{C8E942C9-27F2-481E-9BA3-873D13813D94}"
EndProject
Project("{9A19103F-16F7-4668-BE54-9A1E7A4F7556}") = "BL", "..\BL\BL.csproj", "{AEAF4B64-917C-4DDF-BBEF-5E7840743FB9}"
EndProject
Project("{9A19103F-16F7-4668-BE54-9A1E7A4F7556}") = "Entity", "..\Entity\Entity.csproj", "{75058FC3-1A60-4ADB-BBF1-8B332AEC1C0C}"
EndProject
Global
	GlobalSection(SolutionConfigurationPlatforms) = preSolution
		Debug|Any CPU = Debug|Any CPU
		Release|Any CPU = Release|Any CPU
	EndGlobalSection
	GlobalSection(ProjectConfigurationPlatforms) = postSolution
		{76CCF5EB-378E-4EFF-9121-1EC3A10DF574}.Debug|Any CPU.ActiveCfg = Debug|Any CPU
		{76CCF5EB-378E-4EFF-9121-1EC3A10DF574}.Debug|Any CPU.Build.0 = Debug|Any CPU
		{76CCF5EB-378E-4EFF-9121-1EC3A10DF574}.Release|Any CPU.ActiveCfg = Release|Any CPU
		{76CCF5EB-378E-4EFF-9121-1EC3A10DF574}.Release|Any CPU.Build.0 = Release|Any CPU
		{4A486260-8034-4B2B-93CF-B7D77DE126F1}.Debug|Any CPU.ActiveCfg = Debug|Any CPU
		{4A486260-8034-4B2B-93CF-B7D77DE126F1}.Debug|Any CPU.Build.0 = Debug|Any CPU
		{4A486260-8034-4B2B-93CF-B7D77DE126F1}.Release|Any CPU.ActiveCfg = Release|Any CPU
		{4A486260-8034-4B2B-93CF-B7D77DE126F1}.Release|Any CPU.Build.0 = Release|Any CPU
		{C8E942C9-27F2-481E-9BA3-873D13813D94}.Debug|Any CPU.ActiveCfg = Debug|Any CPU
		{C8E942C9-27F2-481E-9BA3-873D13813D94}.Debug|Any CPU.Build.0 = Debug|Any CPU
		{C8E942C9-27F2-481E-9BA3-873D13813D94}.Release|Any CPU.ActiveCfg = Release|Any CPU
		{C8E942C9-27F2-481E-9BA3-873D13813D94}.Release|Any CPU.Build.0 = Release|Any CPU
		{AEAF4B64-917C-4DDF-BBEF-5E7840743FB9}.Debug|Any CPU.ActiveCfg = Debug|Any CPU
		{AEAF4B64-917C-4DDF-BBEF-5E7840743FB9}.Debug|Any CPU.Build.0 = Debug|Any CPU
		{AEAF4B64-917C-4DDF-BBEF-5E7840743FB9}.Release|Any CPU.ActiveCfg = Release|Any CPU
		{AEAF4B64-917C-4DDF-BBEF-5E7840743FB9}.Release|Any CPU.Build.0 = Release|Any CPU
		{75058FC3-1A60-4ADB-BBF1-8B332AEC1C0C}.Debug|Any CPU.ActiveCfg = Debug|Any CPU
		{75058FC3-1A60-4ADB-BBF1-8B332AEC1C0C}.Debug|Any CPU.Build.0 = Debug|Any CPU
		{75058FC3-1A60-4ADB-BBF1-8B332AEC1C0C}.Release|Any CPU.ActiveCfg = Release|Any CPU
		{75058FC3-1A60-4ADB-BBF1-8B332AEC1C0C}.Release|Any CPU.Build.0 = Release|Any CPU
	EndGlobalSection
	GlobalSection(SolutionProperties) = preSolution
		HideSolutionNode = FALSE
	EndGlobalSection
	GlobalSection(ExtensibilityGlobals) = postSolution
		SolutionGuid = {78DF3E2A-419C-4708-B3E8-4FE885A38C50}
	EndGlobalSection
EndGlobal
